
Microsoft Visual Studio Solution File, Format Version 12.00
# Visual Studio Version 16
VisualStudioVersion = 16.0.29609.76
MinimumVisualStudioVersion = 10.0.40219.1
Project("{9A19103F-16F7-4668-BE54-9A1E7A4F7556}") = "MediaOntologyMapping", "MediaOntologyMapping\MediaOntologyMapping.csproj", "{CF8AF0C5-0ECD-44EA-A7BA-8357D1B04209}"
EndProject
Global
	GlobalSection(SolutionConfigurationPlatforms) = preSolution
		Debug|Any CPU = Debug|Any CPU
		Release|Any CPU = Release|Any CPU
	EndGlobalSection
	GlobalSection(ProjectConfigurationPlatforms) = postSolution
		{CF8AF0C5-0ECD-44EA-A7BA-8357D1B04209}.Debug|Any CPU.ActiveCfg = Debug|Any CPU
		{CF8AF0C5-0ECD-44EA-A7BA-8357D1B04209}.Debug|Any CPU.Build.0 = Debug|Any CPU
		{CF8AF0C5-0ECD-44EA-A7BA-8357D1B04209}.Release|Any CPU.ActiveCfg = Release|Any CPU
		{CF8AF0C5-0ECD-44EA-A7BA-8357D1B04209}.Release|Any CPU.Build.0 = Release|Any CPU
	EndGlobalSection
	GlobalSection(SolutionProperties) = preSolution
		HideSolutionNode = FALSE
	EndGlobalSection
	GlobalSection(ExtensibilityGlobals) = postSolution
		SolutionGuid = {1544E71F-66BB-4BB5-A7DB-AE12034793AF}
	EndGlobalSection
EndGlobal
