
Microsoft Visual Studio Solution File, Format Version 12.00
# Visual Studio Version 16
VisualStudioVersion = 16.0.29728.190
MinimumVisualStudioVersion = 10.0.40219.1
Project("{FAE04EC0-301F-11D3-BF4B-00C04F79EFBC}") = "QueryMongo", "QueryMongo\QueryMongo.csproj", "{FCB3F68F-A8B0-42A9-B613-1925CEE5961A}"
EndProject
Global
	GlobalSection(SolutionConfigurationPlatforms) = preSolution
		Debug|Any CPU = Debug|Any CPU
		Release|Any CPU = Release|Any CPU
	EndGlobalSection
	GlobalSection(ProjectConfigurationPlatforms) = postSolution
		{FCB3F68F-A8B0-42A9-B613-1925CEE5961A}.Debug|Any CPU.ActiveCfg = Debug|Any CPU
		{FCB3F68F-A8B0-42A9-B613-1925CEE5961A}.Debug|Any CPU.Build.0 = Debug|Any CPU
		{FCB3F68F-A8B0-42A9-B613-1925CEE5961A}.Release|Any CPU.ActiveCfg = Release|Any CPU
		{FCB3F68F-A8B0-42A9-B613-1925CEE5961A}.Release|Any CPU.Build.0 = Release|Any CPU
	EndGlobalSection
	GlobalSection(SolutionProperties) = preSolution
		HideSolutionNode = FALSE
	EndGlobalSection
	GlobalSection(ExtensibilityGlobals) = postSolution
		SolutionGuid = {14BDBF8A-1CD3-4A31-8841-F8F32E720771}
	EndGlobalSection
EndGlobal
