
Microsoft Visual Studio Solution File, Format Version 12.00
# Visual Studio Version 16
VisualStudioVersion = 16.0.29728.190
MinimumVisualStudioVersion = 10.0.40219.1
Project("{9A19103F-16F7-4668-BE54-9A1E7A4F7556}") = "Interface", "Interface\Interface.csproj", "{1235952E-7B0E-4183-A547-AFEAA0AEF733}"
EndProject
Project("{9A19103F-16F7-4668-BE54-9A1E7A4F7556}") = "MongoDbAccessLayer", "DAL\MongoDbAccessLayer.csproj", "{966624FF-A697-4874-B3F3-E4ACD083415E}"
EndProject
Project("{9A19103F-16F7-4668-BE54-9A1E7A4F7556}") = "MongoDbAccessLayerTest", "Tests\MongoDbAccessLayerTest.csproj", "{BD61C1F7-CA09-4E92-8BF8-B0868AD05F1D}"
EndProject
Global
	GlobalSection(SolutionConfigurationPlatforms) = preSolution
		Debug|Any CPU = Debug|Any CPU
		Release|Any CPU = Release|Any CPU
	EndGlobalSection
	GlobalSection(ProjectConfigurationPlatforms) = postSolution
		{1235952E-7B0E-4183-A547-AFEAA0AEF733}.Debug|Any CPU.ActiveCfg = Debug|Any CPU
		{1235952E-7B0E-4183-A547-AFEAA0AEF733}.Debug|Any CPU.Build.0 = Debug|Any CPU
		{1235952E-7B0E-4183-A547-AFEAA0AEF733}.Release|Any CPU.ActiveCfg = Release|Any CPU
		{1235952E-7B0E-4183-A547-AFEAA0AEF733}.Release|Any CPU.Build.0 = Release|Any CPU
		{966624FF-A697-4874-B3F3-E4ACD083415E}.Debug|Any CPU.ActiveCfg = Debug|Any CPU
		{966624FF-A697-4874-B3F3-E4ACD083415E}.Debug|Any CPU.Build.0 = Debug|Any CPU
		{966624FF-A697-4874-B3F3-E4ACD083415E}.Release|Any CPU.ActiveCfg = Release|Any CPU
		{966624FF-A697-4874-B3F3-E4ACD083415E}.Release|Any CPU.Build.0 = Release|Any CPU
		{BD61C1F7-CA09-4E92-8BF8-B0868AD05F1D}.Debug|Any CPU.ActiveCfg = Debug|Any CPU
		{BD61C1F7-CA09-4E92-8BF8-B0868AD05F1D}.Debug|Any CPU.Build.0 = Debug|Any CPU
		{BD61C1F7-CA09-4E92-8BF8-B0868AD05F1D}.Release|Any CPU.ActiveCfg = Release|Any CPU
		{BD61C1F7-CA09-4E92-8BF8-B0868AD05F1D}.Release|Any CPU.Build.0 = Release|Any CPU
	EndGlobalSection
	GlobalSection(SolutionProperties) = preSolution
		HideSolutionNode = FALSE
	EndGlobalSection
	GlobalSection(ExtensibilityGlobals) = postSolution
		SolutionGuid = {D3C03392-44CB-4383-807E-35D6658AFE14}
	EndGlobalSection
EndGlobal
